
Microsoft Visual Studio Solution File, Format Version 12.00
# Visual Studio Version 17
VisualStudioVersion = 17.4.33213.308
MinimumVisualStudioVersion = 10.0.40219.1
Project("{2150E333-8FDC-42A3-9474-1A3956D46DE8}") = "Itens de Solução", "Itens de Solução", "{0BA3B1E7-B90B-44AD-87F6-8E50C67C429B}"
	ProjectSection(SolutionItems) = preProject
		Class1.cs = Class1.cs
	EndProjectSection
EndProject
Project("{FAE04EC0-301F-11D3-BF4B-00C04F79EFBC}") = "Desafio_01", "Desafio_01\Desafio_01.csproj", "{2FF2D7FD-2192-4FBB-95A2-36ADF9A231C9}"
EndProject
Global
	GlobalSection(SolutionConfigurationPlatforms) = preSolution
		Debug|Any CPU = Debug|Any CPU
		Release|Any CPU = Release|Any CPU
	EndGlobalSection
	GlobalSection(ProjectConfigurationPlatforms) = postSolution
		{2FF2D7FD-2192-4FBB-95A2-36ADF9A231C9}.Debug|Any CPU.ActiveCfg = Debug|Any CPU
		{2FF2D7FD-2192-4FBB-95A2-36ADF9A231C9}.Debug|Any CPU.Build.0 = Debug|Any CPU
		{2FF2D7FD-2192-4FBB-95A2-36ADF9A231C9}.Release|Any CPU.ActiveCfg = Release|Any CPU
		{2FF2D7FD-2192-4FBB-95A2-36ADF9A231C9}.Release|Any CPU.Build.0 = Release|Any CPU
	EndGlobalSection
	GlobalSection(SolutionProperties) = preSolution
		HideSolutionNode = FALSE
	EndGlobalSection
	GlobalSection(ExtensibilityGlobals) = postSolution
		SolutionGuid = {B73D62F0-5E36-44FD-B209-FEBE921FBF2B}
	EndGlobalSection
EndGlobal
